
Microsoft Visual Studio Solution File, Format Version 12.00
# Visual Studio Version 17
VisualStudioVersion = 17.10.35027.167
MinimumVisualStudioVersion = 10.0.40219.1
Project("{9092AA53-FB77-4645-B42D-1CCCA6BD08BD}") = "지뢰찾기", "지뢰찾기.njsproj", "{F5868827-9DDC-4156-B3A5-E4489A5BB3FA}"
EndProject
Global
	GlobalSection(SolutionConfigurationPlatforms) = preSolution
		Debug|Any CPU = Debug|Any CPU
		Release|Any CPU = Release|Any CPU
	EndGlobalSection
	GlobalSection(ProjectConfigurationPlatforms) = postSolution
		{F5868827-9DDC-4156-B3A5-E4489A5BB3FA}.Debug|Any CPU.ActiveCfg = Debug|Any CPU
		{F5868827-9DDC-4156-B3A5-E4489A5BB3FA}.Debug|Any CPU.Build.0 = Debug|Any CPU
		{F5868827-9DDC-4156-B3A5-E4489A5BB3FA}.Release|Any CPU.ActiveCfg = Release|Any CPU
		{F5868827-9DDC-4156-B3A5-E4489A5BB3FA}.Release|Any CPU.Build.0 = Release|Any CPU
	EndGlobalSection
	GlobalSection(SolutionProperties) = preSolution
		HideSolutionNode = FALSE
	EndGlobalSection
	GlobalSection(ExtensibilityGlobals) = postSolution
		SolutionGuid = {FD978AFF-3206-4D6C-9180-9F0B089F08BE}
	EndGlobalSection
EndGlobal
